{
  "lockfile_version": "1",
  "packages": {
    "git@latest": {
      "last_modified": "2026-08-01T16:34:20Z",
      "resolved": "github:NixOS/nixpkgs/a5cbcfe954791221bfffe2307f7d1a1bf61a871e#git",
      "source": "devbox-search",
      "version": "2.55.0",
      "systems": {
        "aarch64-darwin": {
          "outputs": [
            {
              "name": "out",
              "path": "/nix/store/rim5n939lwjc8mah63ld1q31i6n7bvf0-git-2.55.0",
              "default": true
            },
            {
              "name": "doc",
              "path": "/nix/store/y34pxb3x3h1gyvcfvanqlfjzm0c86cb4-git-2.55.0-doc"
            }
          ],
          "store_path": "/nix/store/rim5n939lwjc8mah63ld1q31i6n7bvf0-git-2.55.0"
        },
        "aarch64-linux": {
          "outputs": [
            {
              "name": "out",
              "path": "/nix/store/v2iradivx07xjqwk2q71i57pwxw6wh4g-git-2.55.0",
              "default": true
            },
            {
              "name": "debug",
              "path": "/nix/store/nsck4ncjjmdy8c5h83yw297c7xxv64xx-git-2.55.0-debug"
            },
            {
              "name": "doc",
              "path": "/nix/store/bz8bdi34lg4w10kxs9bm93658ary5rrz-git-2.55.0-doc"
            }
          ],
          "store_path": "/nix/store/v2iradivx07xjqwk2q71i57pwxw6wh4g-git-2.55.0"
        },
        "x86_64-linux": {
          "outputs": [
            {
              "name": "out",
              "path": "/nix/store/6f0qqak4qbcrbw4f750phr88c9yhpf5s-git-2.55.0",
              "default": true
            },
            {
              "name": "debug",
              "path": "/nix/store/rwiamhfaqkns90xsalafayg01afk3pza-git-2.55.0-debug"
            },
            {
              "name": "doc",
              "path": "/nix/store/bddpyi6cgkp3v8f58i900hymgfvkyag5-git-2.55.0-doc"
            }
          ],
          "store_path": "/nix/store/6f0qqak4qbcrbw4f750phr88c9yhpf5s-git-2.55.0"
        }
      }
    },
    "github:NixOS/nixpkgs/nixpkgs-unstable": {
      "last_modified": "2026-08-18T11:35:56Z",
      "resolved": "github:NixOS/nixpkgs/b47ad65d73ab65ded9ab408fe558866d71defee8?lastModified=1787052956&narHash=sha256-fZt7Au28AduGpt7vRfIOcpsHKJ%2B9cEnuQ2NdWuh0KVc%3D"
    },
    "glibcLocales@latest": {
      "last_modified": "2026-08-01T16:34:20Z",
      "resolved": "github:NixOS/nixpkgs/a5cbcfe954791221bfffe2307f7d1a1bf61a871e#glibcLocales",
      "source": "devbox-search",
      "version": "2.42-67",
      "systems": {
        "aarch64-linux": {
          "outputs": [
            {
              "name": "out",
              "path": "/nix/store/yjkwc3vsjhzbsljhx8gag7g5qxdbhjbm-glibc-locales-2.42-67",
              "default": true
            }
          ],
          "store_path": "/nix/store/yjkwc3vsjhzbsljhx8gag7g5qxdbhjbm-glibc-locales-2.42-67"
        },
        "x86_64-linux": {
          "outputs": [
            {
              "name": "out",
              "path": "/nix/store/pd6x6gghx09w89ph3g4vx01fq497x8vd-glibc-locales-2.42-67",
              "default": true
            }
          ],
          "store_path": "/nix/store/pd6x6gghx09w89ph3g4vx01fq497x8vd-glibc-locales-2.42-67"
        }
      }
    },
    "mailcatcher@latest": {
      "last_modified": "2026-08-01T16:34:20Z",
      "resolved": "github:NixOS/nixpkgs/a5cbcfe954791221bfffe2307f7d1a1bf61a871e#mailcatcher",
      "source": "devbox-search",
      "version": "0.10.0",
      "systems": {
        "aarch64-darwin": {
          "outputs": [
            {
              "name": "out",
              "path": "/nix/store/z8l3ircqy99fa9zpggapks0my5lancl6-mailcatcher-0.10.0",
              "default": true
            }
          ],
          "store_path": "/nix/store/z8l3ircqy99fa9zpggapks0my5lancl6-mailcatcher-0.10.0"
        },
        "aarch64-linux": {
          "outputs": [
            {
              "name": "out",
              "path": "/nix/store/xdx5k41s4ihk2g0yk12k2s97vdb1g13m-mailcatcher-0.10.0",
              "default": true
            }
          ],
          "store_path": "/nix/store/xdx5k41s4ihk2g0yk12k2s97vdb1g13m-mailcatcher-0.10.0"
        },
        "x86_64-darwin": {
          "outputs": [
            {
              "name": "out",
              "path": "/nix/store/lpmkfx235h4rz2dm3kbxd0acik9fv4gx-mailcatcher-0.10.0",
              "default": true
            }
          ],
          "store_path": "/nix/store/lpmkfx235h4rz2dm3kbxd0acik9fv4gx-mailcatcher-0.10.0"
        },
        "x86_64-linux": {
          "outputs": [
            {
              "name": "out",
              "path": "/nix/store/jfqw5ylrw0k3shd172qf5bg9g3wnpr8a-mailcatcher-0.10.0",
              "default": true
            }
          ],
          "store_path": "/nix/store/jfqw5ylrw0k3shd172qf5bg9g3wnpr8a-mailcatcher-0.10.0"
        }
      }
    },
    "postgresql@latest": {
      "last_modified": "2026-08-10T07:49:06Z",
      "plugin_version": "0.0.2",
      "resolved": "github:NixOS/nixpkgs/d482ef84049d9b7276b83a06e4e4d76983830097#postgresql",
      "source": "devbox-search",
      "version": "18.4",
      "systems": {
        "aarch64-darwin": {
          "outputs": [
            {
              "name": "out",
              "path": "/nix/store/mm6rpynns3jfg6n4n661i3q51ipinly0-postgresql-18.4",
              "default": true
            },
            {
              "name": "man",
              "path": "/nix/store/mz2lc33brs0iaq25va4x27cmjzzblnj1-postgresql-18.4-man",
              "default": true
            },
            {
              "name": "plperl",
              "path": "/nix/store/z4d0q3ws0jxl1jmxyfl9dkanv7vv3bgg-postgresql-18.4-plperl"
            },
            {
              "name": "pltcl",
              "path": "/nix/store/nk9s44b27clpb1nb9jfvv1rpm9amd80b-postgresql-18.4-pltcl"
            },
            {
              "name": "lib",
              "path": "/nix/store/92k3zszyivw9f9bm2hi8rw352piq5b4q-postgresql-18.4-lib"
            },
            {
              "name": "plpython3",
              "path": "/nix/store/pkyf7yk3hpq5mc88msmpsaz8yh64i65m-postgresql-18.4-plpython3"
            },
            {
              "name": "dev",
              "path": "/nix/store/n3l27w2fxnll8lwy1fmkz3k28skxv6xz-postgresql-18.4-dev"
            },
            {
              "name": "doc",
              "path": "/nix/store/fjjf1pv4hchxvrh3wyglzgc1j94p3y22-postgresql-18.4-doc"
            },
            {
              "name": "jit",
              "path": "/nix/store/f8rbqqaamzj642mr64x5p9pgx4pijcy3-postgresql-18.4-jit"
            }
          ],
          "store_path": "/nix/store/mm6rpynns3jfg6n4n661i3q51ipinly0-postgresql-18.4"
        },
        "aarch64-linux": {
          "outputs": [
            {
              "name": "out",
              "path": "/nix/store/7bkh2nkhwrk1iydvl4kgzqrd7jk3lpfg-postgresql-18.4",
              "default": true
            },
            {
              "name": "man",
              "path": "/nix/store/vaid76nfi1qhnsrv26bx6zvzbn30mhgl-postgresql-18.4-man",
              "default": true
            },
            {
              "name": "dev",
              "path": "/nix/store/iy8kwadfdag5rz5h7cyd261kjd7c3ai8-postgresql-18.4-dev"
            },
            {
              "name": "doc",
              "path": "/nix/store/l1z044nqfd099s4zi60fw19pp5pjkkff-postgresql-18.4-doc"
            },
            {
              "name": "jit",
              "path": "/nix/store/8cw2bac09cdv5sm3bwqymfkkzw5c9rid-postgresql-18.4-jit"
            },
            {
              "name": "plpython3",
              "path": "/nix/store/4hbwaiyqdrgyc3vfc0zx8r0d79i0h0la-postgresql-18.4-plpython3"
            },
            {
              "name": "debug",
              "path": "/nix/store/4nfg88gfihvvcgm648i70944zn0wl6f5-postgresql-18.4-debug"
            },
            {
              "name": "lib",
              "path": "/nix/store/n23xand6369pmb7g7lq8ph2dnzwh8a4k-postgresql-18.4-lib"
            },
            {
              "name": "plperl",
              "path": "/nix/store/c2ws0bwp6l2gw1jm3c4dwcc7aj0i1z4h-postgresql-18.4-plperl"
            },
            {
              "name": "pltcl",
              "path": "/nix/store/n04s2m3mmiscaklirskjd82h401q3q8s-postgresql-18.4-pltcl"
            }
          ],
          "store_path": "/nix/store/7bkh2nkhwrk1iydvl4kgzqrd7jk3lpfg-postgresql-18.4"
        },
        "x86_64-linux": {
          "outputs": [
            {
              "name": "out",
              "path": "/nix/store/sjh3b1wsi5cp3x0mc5c8x32mx12ilghz-postgresql-18.4",
              "default": true
            },
            {
              "name": "man",
              "path": "/nix/store/lswbb7irwf2nlspajnzgm0z1r7qk2p99-postgresql-18.4-man",
              "default": true
            },
            {
              "name": "dev",
              "path": "/nix/store/db7gaj06az35jxh42vi7l3k2fql5p8fc-postgresql-18.4-dev"
            },
            {
              "name": "jit",
              "path": "/nix/store/hjxxpk5s324lqijlj0wd063i4bs58i4g-postgresql-18.4-jit"
            },
            {
              "name": "plperl",
              "path": "/nix/store/apk9mrvqds1pp5scv7rq9gqpcsf4dmls-postgresql-18.4-plperl"
            },
            {
              "name": "debug",
              "path": "/nix/store/0ixa8f6xm4jklnlpdaqn4wmn2zh2qnim-postgresql-18.4-debug"
            },
            {
              "name": "doc",
              "path": "/nix/store/xk1mcnsh1q1jr28wjiqq30g9lr1q7c21-postgresql-18.4-doc"
            },
            {
              "name": "lib",
              "path": "/nix/store/vjshjz5f160xjxcq1r52vc61w3ybwpg7-postgresql-18.4-lib"
            },
            {
              "name": "plpython3",
              "path": "/nix/store/jn5kikzx94xvlr5p65c9bl7v2vp3mckw-postgresql-18.4-plpython3"
            },
            {
              "name": "pltcl",
              "path": "/nix/store/0x5q2pv5vhz376n99cxjfbsks09wbam8-postgresql-18.4-pltcl"
            }
          ],
          "store_path": "/nix/store/sjh3b1wsi5cp3x0mc5c8x32mx12ilghz-postgresql-18.4"
        }
      }
    },
    "ruby@3.4.1": {
      "last_modified": "2025-02-23T09:42:26Z",
      "plugin_version": "0.0.2",
      "resolved": "github:NixOS/nixpkgs/2d068ae5c6516b2d04562de50a58c682540de9bf#ruby_3_4",
      "source": "devbox-search",
      "version": "3.4.1",
      "systems": {
        "aarch64-darwin": {
          "outputs": [
            {
              "name": "out",
              "path": "/nix/store/yi1vniynyfl33c2kmly0cxkn80nan4fj-ruby-3.4.1",
              "default": true
            },
            {
              "name": "devdoc",
              "path": "/nix/store/0bqc8pvw1vi5sf5mkbx97apa8xp1dzrr-ruby-3.4.1-devdoc"
            }
          ],
          "store_path": "/nix/store/yi1vniynyfl33c2kmly0cxkn80nan4fj-ruby-3.4.1"
        },
        "aarch64-linux": {
          "outputs": [
            {
              "name": "out",
              "path": "/nix/store/5nb3lnz366na2h37vpdqynh5r7f8cnr8-ruby-3.4.1",
              "default": true
            },
            {
              "name": "devdoc",
              "path": "/nix/store/497c9gmigvygvw51miqc764vhv8sz73n-ruby-3.4.1-devdoc"
            }
          ],
          "store_path": "/nix/store/5nb3lnz366na2h37vpdqynh5r7f8cnr8-ruby-3.4.1"
        },
        "x86_64-darwin": {
          "outputs": [
            {
              "name": "out",
              "path": "/nix/store/wmynidx3p9mywb9pszslyxa1ml083l36-ruby-3.4.1",
              "default": true
            },
            {
              "name": "devdoc",
              "path": "/nix/store/60fpqj46qmhajpaidqmq71xm0cbayj6j-ruby-3.4.1-devdoc"
            }
          ],
          "store_path": "/nix/store/wmynidx3p9mywb9pszslyxa1ml083l36-ruby-3.4.1"
        },
        "x86_64-linux": {
          "outputs": [
            {
              "name": "out",
              "path": "/nix/store/sppz8mrns0gpdb40vd4a3pp25nxlz8j6-ruby-3.4.1",
              "default": true
            },
            {
              "name": "devdoc",
              "path": "/nix/store/mhk89rhajkkx5p5q4i5qjlqj75vv86rn-ruby-3.4.1-devdoc"
            }
          ],
          "store_path": "/nix/store/sppz8mrns0gpdb40vd4a3pp25nxlz8j6-ruby-3.4.1"
        }
      }
    }
  }
}
